{
  "originHash" : "b0e0c9ccad88b57e1f710ea61c2fa3006c55570599d4280a24b41dd5faec8258",
  "pins" : [
    {
      "identity" : "skip",
      "kind" : "remoteSourceControl",
      "location" : "https://github.com/skiptools/skip.git",
      "state" : {
        "revision" : "211ad40b5828e418ecb1c033d6a502a900f1be31",
        "version" : "1.9.11"
      }
    },
    {
      "identity" : "skip-foundation",
      "kind" : "remoteSourceControl",
      "location" : "https://github.com/skiptools/skip-foundation.git",
      "state" : {
        "revision" : "79b422dc6612b1a392ae0b6b6ac4724a6ffdb7af",
        "version" : "1.4.6"
      }
    },
    {
      "identity" : "skip-lib",
      "kind" : "remoteSourceControl",
      "location" : "https://github.com/skiptools/skip-lib.git",
      "state" : {
        "revision" : "21a1c7c8f97730b3a3d88058daf8c9d78a9c7c43",
        "version" : "1.4.3"
      }
    },
    {
      "identity" : "skip-unit",
      "kind" : "remoteSourceControl",
      "location" : "https://github.com/skiptools/skip-unit.git",
      "state" : {
        "revision" : "fc58e058f3d25675e047a758281c39dba5d52570",
        "version" : "1.7.2"
      }
    }
  ],
  "version" : 3
}
